
Microsoft Visual Studio Solution File, Format Version 12.00
# Visual Studio Version 17
VisualStudioVersion = 17.14.36915.13 d17.14
MinimumVisualStudioVersion = 10.0.40219.1
Project("{FAE04EC0-301F-11D3-BF4B-00C04F79EFBC}") = "MathApp", "MathApp.csproj", "{2A719470-A1F7-43A0-A491-60898BDA892C}"
EndProject
Global
	GlobalSection(SolutionConfigurationPlatforms) = preSolution
		Debug|Any CPU = Debug|Any CPU
		Release|Any CPU = Release|Any CPU
	EndGlobalSection
	GlobalSection(ProjectConfigurationPlatforms) = postSolution
		{2A719470-A1F7-43A0-A491-60898BDA892C}.Debug|Any CPU.ActiveCfg = Debug|Any CPU
		{2A719470-A1F7-43A0-A491-60898BDA892C}.Debug|Any CPU.Build.0 = Debug|Any CPU
		{2A719470-A1F7-43A0-A491-60898BDA892C}.Release|Any CPU.ActiveCfg = Release|Any CPU
		{2A719470-A1F7-43A0-A491-60898BDA892C}.Release|Any CPU.Build.0 = Release|Any CPU
	EndGlobalSection
	GlobalSection(SolutionProperties) = preSolution
		HideSolutionNode = FALSE
	EndGlobalSection
	GlobalSection(ExtensibilityGlobals) = postSolution
		SolutionGuid = {E999019B-43CC-4D57-B7B6-6FF1758A9C2C}
	EndGlobalSection
EndGlobal
