
Microsoft Visual Studio Solution File, Format Version 12.00
# Visual Studio Version 17
VisualStudioVersion = 17.14.36915.13
MinimumVisualStudioVersion = 10.0.40219.1
Project("{FAE04EC0-301F-11D3-BF4B-00C04F79EFBC}") = "DecisionMakingApplication", "DecisionMakingApplication.csproj", "{9C0E7135-2C36-4F1E-8C7A-28D0017C3653}"
EndProject
Global
	GlobalSection(SolutionConfigurationPlatforms) = preSolution
		Debug|Any CPU = Debug|Any CPU
		Release|Any CPU = Release|Any CPU
	EndGlobalSection
	GlobalSection(ProjectConfigurationPlatforms) = postSolution
		{9C0E7135-2C36-4F1E-8C7A-28D0017C3653}.Debug|Any CPU.ActiveCfg = Debug|Any CPU
		{9C0E7135-2C36-4F1E-8C7A-28D0017C3653}.Debug|Any CPU.Build.0 = Debug|Any CPU
		{9C0E7135-2C36-4F1E-8C7A-28D0017C3653}.Release|Any CPU.ActiveCfg = Release|Any CPU
		{9C0E7135-2C36-4F1E-8C7A-28D0017C3653}.Release|Any CPU.Build.0 = Release|Any CPU
	EndGlobalSection
	GlobalSection(SolutionProperties) = preSolution
		HideSolutionNode = FALSE
	EndGlobalSection
	GlobalSection(ExtensibilityGlobals) = postSolution
		SolutionGuid = {8AF4A0FE-1758-4AB9-BDF9-A2A94EC1D97E}
	EndGlobalSection
EndGlobal
